
Microsoft Visual Studio Solution File, Format Version 12.00
# Visual Studio Version 17
VisualStudioVersion = 17.0.31903.59
MinimumVisualStudioVersion = 10.0.40219.1
Project("{FAE04EC0-301F-11D3-BF4B-00C04F79EFBC}") = "backend-api", "backend-api\backend-api.csproj", "{238F5632-AACE-4CCF-B003-B84C71491A2B}"
EndProject
Project("{2150E333-8FDC-42A3-9474-1A3956D46DE8}") = "tests", "tests", "{5FA13D1B-A9A8-4090-8FCE-1A4441824644}"
EndProject
Project("{FAE04EC0-301F-11D3-BF4B-00C04F79EFBC}") = "CarePulse.Api.Tests", "tests\CarePulse.Api.Tests\CarePulse.Api.Tests.csproj", "{AE5D39CA-E8E3-4930-A8E1-51260C69F6EA}"
EndProject
Project("{FAE04EC0-301F-11D3-BF4B-00C04F79EFBC}") = "CarePulse.Ai.GoldenTests", "tests\CarePulse.Ai.GoldenTests\CarePulse.Ai.GoldenTests.csproj", "{39D7F6AB-85E9-4947-B5CC-B38B4ED24951}"
EndProject
Global
	GlobalSection(SolutionConfigurationPlatforms) = preSolution
		Debug|Any CPU = Debug|Any CPU
		Release|Any CPU = Release|Any CPU
	EndGlobalSection
	GlobalSection(SolutionProperties) = preSolution
		HideSolutionNode = FALSE
	EndGlobalSection
	GlobalSection(ProjectConfigurationPlatforms) = postSolution
		{238F5632-AACE-4CCF-B003-B84C71491A2B}.Debug|Any CPU.ActiveCfg = Debug|Any CPU
		{238F5632-AACE-4CCF-B003-B84C71491A2B}.Debug|Any CPU.Build.0 = Debug|Any CPU
		{238F5632-AACE-4CCF-B003-B84C71491A2B}.Release|Any CPU.ActiveCfg = Release|Any CPU
		{238F5632-AACE-4CCF-B003-B84C71491A2B}.Release|Any CPU.Build.0 = Release|Any CPU
		{AE5D39CA-E8E3-4930-A8E1-51260C69F6EA}.Debug|Any CPU.ActiveCfg = Debug|Any CPU
		{AE5D39CA-E8E3-4930-A8E1-51260C69F6EA}.Debug|Any CPU.Build.0 = Debug|Any CPU
		{AE5D39CA-E8E3-4930-A8E1-51260C69F6EA}.Release|Any CPU.ActiveCfg = Release|Any CPU
		{AE5D39CA-E8E3-4930-A8E1-51260C69F6EA}.Release|Any CPU.Build.0 = Release|Any CPU
		{39D7F6AB-85E9-4947-B5CC-B38B4ED24951}.Debug|Any CPU.ActiveCfg = Debug|Any CPU
		{39D7F6AB-85E9-4947-B5CC-B38B4ED24951}.Debug|Any CPU.Build.0 = Debug|Any CPU
		{39D7F6AB-85E9-4947-B5CC-B38B4ED24951}.Release|Any CPU.ActiveCfg = Release|Any CPU
		{39D7F6AB-85E9-4947-B5CC-B38B4ED24951}.Release|Any CPU.Build.0 = Release|Any CPU
	EndGlobalSection
	GlobalSection(NestedProjects) = preSolution
		{AE5D39CA-E8E3-4930-A8E1-51260C69F6EA} = {5FA13D1B-A9A8-4090-8FCE-1A4441824644}
		{39D7F6AB-85E9-4947-B5CC-B38B4ED24951} = {5FA13D1B-A9A8-4090-8FCE-1A4441824644}
	EndGlobalSection
EndGlobal
